// !$*UTF8*$!
{
	archiveVersion = 1;
	classes = {
	};
	objectVersion = 48;
	objects = {

/* Begin PBXBuildFile section */
		285AF2781FD5EB8F00B8F251 /* AppDelegate.swift in Sources */ = {isa = PBXBuildFile; fileRef = 285AF2771FD5EB8F00B8F251 /* AppDelegate.swift */; };
		285AF27A1FD5EB8F00B8F251 /* ViewController.swift in Sources */ = {isa = PBXBuildFile; fileRef = 285AF2791FD5EB8F00B8F251 /* ViewController.swift */; };
		285AF27D1FD5EB8F00B8F251 /* Main.storyboard in Resources */ = {isa = PBXBuildFile; fileRef = 285AF27B1FD5EB8F00B8F251 /* Main.storyboard */; };
		285AF27F1FD5EB8F00B8F251 /* Assets.xcassets in Resources */ = {isa = PBXBuildFile; fileRef = 285AF27E1FD5EB8F00B8F251 /* Assets.xcassets */; };
		285AF2821FD5EB8F00B8F251 /* LaunchScreen.storyboard in Resources */ = {isa = PBXBuildFile; fileRef = 285AF2801FD5EB8F00B8F251 /* LaunchScreen.storyboard */; };
		285AF28D1FD5EB8F00B8F251 /* IntegrationLab1Tests.swift in Sources */ = {isa = PBXBuildFile; fileRef = 285AF28C1FD5EB8F00B8F251 /* IntegrationLab1Tests.swift */; };
		285AF2981FD5EB8F00B8F251 /* IntegrationLab1UITests.swift in Sources */ = {isa = PBXBuildFile; fileRef = 285AF2971FD5EB8F00B8F251 /* IntegrationLab1UITests.swift */; };
/* End PBXBuildFile section */

/* Begin PBXContainerItemProxy section */
		285AF2891FD5EB8F00B8F251 /* PBXContainerItemProxy */ = {
			isa = PBXContainerItemProxy;
			containerPortal = 285AF26C1FD5EB8F00B8F251 /* Project object */;
			proxyType = 1;
			remoteGlobalIDString = 285AF2731FD5EB8F00B8F251;
			remoteInfo = IntegrationLab1;
		};
		285AF2941FD5EB8F00B8F251 /* PBXContainerItemProxy */ = {
			isa = PBXContainerItemProxy;
			containerPortal = 285AF26C1FD5EB8F00B8F251 /* Project object */;
			proxyType = 1;
			remoteGlobalIDString = 285AF2731FD5EB8F00B8F251;
			remoteInfo = IntegrationLab1;
		};
/* End PBXContainerItemProxy section */

/* Begin PBXFileReference section */
		285AF2741FD5EB8F00B8F251 /* IntegrationLab1.app */ = {isa = PBXFileReference; explicitFileType = wrapper.application; includeInIndex = 0; path = IntegrationLab1.app; sourceTree = BUILT_PRODUCTS_DIR; };
		285AF2771FD5EB8F00B8F251 /* AppDelegate.swift */ = {isa = PBXFileReference; lastKnownFileType = sourcecode.swift; path = AppDelegate.swift; sourceTree = "<group>"; };
		285AF2791FD5EB8F00B8F251 /* ViewController.swift */ = {isa = PBXFileReference; lastKnownFileType = sourcecode.swift; path = ViewController.swift; sourceTree = "<group>"; };
		285AF27C1FD5EB8F00B8F251 /* Base */ = {isa = PBXFileReference; lastKnownFileType = file.storyboard; name = Base; path = Base.lproj/Main.storyboard; sourceTree = "<group>"; };
		285AF27E1FD5EB8F00B8F251 /* Assets.xcassets */ = {isa = PBXFileReference; lastKnownFileType = folder.assetcatalog; path = Assets.xcassets; sourceTree = "<group>"; };
		285AF2811FD5EB8F00B8F251 /* Base */ = {isa = PBXFileReference; lastKnownFileType = file.storyboard; name = Base; path = Base.lproj/LaunchScreen.storyboard; sourceTree = "<group>"; };
		285AF2831FD5EB8F00B8F251 /* Info.plist */ = {isa = PBXFileReference; lastKnownFileType = text.plist.xml; path = Info.plist; sourceTree = "<group>"; };
		285AF2881FD5EB8F00B8F251 /* IntegrationLab1Tests.xctest */ = {isa = PBXFileReference; explicitFileType = wrapper.cfbundle; includeInIndex = 0; path = IntegrationLab1Tests.xctest; sourceTree = BUILT_PRODUCTS_DIR; };
		285AF28C1FD5EB8F00B8F251 /* IntegrationLab1Tests.swift */ = {isa = PBXFileReference; lastKnownFileType = sourcecode.swift; path = IntegrationLab1Tests.swift; sourceTree = "<group>"; };
		285AF28E1FD5EB8F00B8F251 /* Info.plist */ = {isa = PBXFileReference; lastKnownFileType = text.plist.xml; path = Info.plist; sourceTree = "<group>"; };
		285AF2931FD5EB8F00B8F251 /* IntegrationLab1UITests.xctest */ = {isa = PBXFileReference; explicitFileType = wrapper.cfbundle; includeInIndex = 0; path = IntegrationLab1UITests.xctest; sourceTree = BUILT_PRODUCTS_DIR; };
		285AF2971FD5EB8F00B8F251 /* IntegrationLab1UITests.swift */ = {isa = PBXFileReference; lastKnownFileType = sourcecode.swift; path = IntegrationLab1UITests.swift; sourceTree = "<group>"; };
		285AF2991FD5EB8F00B8F251 /* Info.plist */ = {isa = PBXFileReference; lastKnownFileType = text.plist.xml; path = Info.plist; sourceTree = "<group>"; };
/* End PBXFileReference section */

/* Begin PBXFrameworksBuildPhase section */
		285AF2711FD5EB8F00B8F251 /* Frameworks */ = {
			isa = PBXFrameworksBuildPhase;
			buildActionMask = 2147483647;
			files = (
			);
			runOnlyForDeploymentPostprocessing = 0;
		};
		285AF2851FD5EB8F00B8F251 /* Frameworks */ = {
			isa = PBXFrameworksBuildPhase;
			buildActionMask = 2147483647;
			files = (
			);
			runOnlyForDeploymentPostprocessing = 0;
		};
		285AF2901FD5EB8F00B8F251 /* Frameworks */ = {
			isa = PBXFrameworksBuildPhase;
			buildActionMask = 2147483647;
			files = (
			);
			runOnlyForDeploymentPostprocessing = 0;
		};
/* End PBXFrameworksBuildPhase section */

/* Begin PBXGroup section */
		285AF26B1FD5EB8F00B8F251 = {
			isa = PBXGroup;
			children = (
				285AF2761FD5EB8F00B8F251 /* IntegrationLab1 */,
				285AF28B1FD5EB8F00B8F251 /* IntegrationLab1Tests */,
				285AF2961FD5EB8F00B8F251 /* IntegrationLab1UITests */,
				285AF2751FD5EB8F00B8F251 /* Products */,
			);
			sourceTree = "<group>";
		};
		285AF2751FD5EB8F00B8F251 /* Products */ = {
			isa = PBXGroup;
			children = (
				285AF2741FD5EB8F00B8F251 /* IntegrationLab1.app */,
				285AF2881FD5EB8F00B8F251 /* IntegrationLab1Tests.xctest */,
				285AF2931FD5EB8F00B8F251 /* IntegrationLab1UITests.xctest */,
			);
			name = Products;
			sourceTree = "<group>";
		};
		285AF2761FD5EB8F00B8F251 /* IntegrationLab1 */ = {
			isa = PBXGroup;
			children = (
				285AF2771FD5EB8F00B8F251 /* AppDelegate.swift */,
				285AF2791FD5EB8F00B8F251 /* ViewController.swift */,
				285AF27B1FD5EB8F00B8F251 /* Main.storyboard */,
				285AF27E1FD5EB8F00B8F251 /* Assets.xcassets */,
				285AF2801FD5EB8F00B8F251 /* LaunchScreen.storyboard */,
				285AF2831FD5EB8F00B8F251 /* Info.plist */,
			);
			path = IntegrationLab1;
			sourceTree = "<group>";
		};
		285AF28B1FD5EB8F00B8F251 /* IntegrationLab1Tests */ = {
			isa = PBXGroup;
			children = (
				285AF28C1FD5EB8F00B8F251 /* IntegrationLab1Tests.swift */,
				285AF28E1FD5EB8F00B8F251 /* Info.plist */,
			);
			path = IntegrationLab1Tests;
			sourceTree = "<group>";
		};
		285AF2961FD5EB8F00B8F251 /* IntegrationLab1UITests */ = {
			isa = PBXGroup;
			children = (
				285AF2971FD5EB8F00B8F251 /* IntegrationLab1UITests.swift */,
				285AF2991FD5EB8F00B8F251 /* Info.plist */,
			);
			path = IntegrationLab1UITests;
			sourceTree = "<group>";
		};
/* End PBXGroup section */

/* Begin PBXNativeTarget section */
		285AF2731FD5EB8F00B8F251 /* IntegrationLab1 */ = {
			isa = PBXNativeTarget;
			buildConfigurationList = 285AF29C1FD5EB8F00B8F251 /* Build configuration list for PBXNativeTarget "IntegrationLab1" */;
			buildPhases = (
				285AF2701FD5EB8F00B8F251 /* Sources */,
				285AF2711FD5EB8F00B8F251 /* Frameworks */,
				285AF2721FD5EB8F00B8F251 /* Resources */,
			);
			buildRules = (
			);
			dependencies = (
			);
			name = IntegrationLab1;
			productName = IntegrationLab1;
			productReference = 285AF2741FD5EB8F00B8F251 /* IntegrationLab1.app */;
			productType = "com.apple.product-type.application";
		};
		285AF2871FD5EB8F00B8F251 /* IntegrationLab1Tests */ = {
			isa = PBXNativeTarget;
			buildConfigurationList = 285AF29F1FD5EB8F00B8F251 /* Build configuration list for PBXNativeTarget "IntegrationLab1Tests" */;
			buildPhases = (
				285AF2841FD5EB8F00B8F251 /* Sources */,
				285AF2851FD5EB8F00B8F251 /* Frameworks */,
				285AF2861FD5EB8F00B8F251 /* Resources */,
			);
			buildRules = (
			);
			dependencies = (
				285AF28A1FD5EB8F00B8F251 /* PBXTargetDependency */,
			);
			name = IntegrationLab1Tests;
			productName = IntegrationLab1Tests;
			productReference = 285AF2881FD5EB8F00B8F251 /* IntegrationLab1Tests.xctest */;
			productType = "com.apple.product-type.bundle.unit-test";
		};
		285AF2921FD5EB8F00B8F251 /* IntegrationLab1UITests */ = {
			isa = PBXNativeTarget;
			buildConfigurationList = 285AF2A21FD5EB8F00B8F251 /* Build configuration list for PBXNativeTarget "IntegrationLab1UITests" */;
			buildPhases = (
				285AF28F1FD5EB8F00B8F251 /* Sources */,
				285AF2901FD5EB8F00B8F251 /* Frameworks */,
				285AF2911FD5EB8F00B8F251 /* Resources */,
			);
			buildRules = (
			);
			dependencies = (
				285AF2951FD5EB8F00B8F251 /* PBXTargetDependency */,
			);
			name = IntegrationLab1UITests;
			productName = IntegrationLab1UITests;
			productReference = 285AF2931FD5EB8F00B8F251 /* IntegrationLab1UITests.xctest */;
			productType = "com.apple.product-type.bundle.ui-testing";
		};
/* End PBXNativeTarget section */

/* Begin PBXProject section */
		285AF26C1FD5EB8F00B8F251 /* Project object */ = {
			isa = PBXProject;
			attributes = {
				LastSwiftUpdateCheck = 0910;
				LastUpgradeCheck = 0910;
				ORGANIZATIONNAME = "Henry Bravo";
				TargetAttributes = {
					285AF2731FD5EB8F00B8F251 = {
						CreatedOnToolsVersion = 9.1;
						ProvisioningStyle = Automatic;
					};
					285AF2871FD5EB8F00B8F251 = {
						CreatedOnToolsVersion = 9.1;
						ProvisioningStyle = Automatic;
						TestTargetID = 285AF2731FD5EB8F00B8F251;
					};
					285AF2921FD5EB8F00B8F251 = {
						CreatedOnToolsVersion = 9.1;
						ProvisioningStyle = Automatic;
						TestTargetID = 285AF2731FD5EB8F00B8F251;
					};
				};
			};
			buildConfigurationList = 285AF26F1FD5EB8F00B8F251 /* Build configuration list for PBXProject "IntegrationLab1" */;
			compatibilityVersion = "Xcode 8.0";
			developmentRegion = en;
			hasScannedForEncodings = 0;
			knownRegions = (
				en,
				Base,
			);
			mainGroup = 285AF26B1FD5EB8F00B8F251;
			productRefGroup = 285AF2751FD5EB8F00B8F251 /* Products */;
			projectDirPath = "";
			projectRoot = "";
			targets = (
				285AF2731FD5EB8F00B8F251 /* IntegrationLab1 */,
				285AF2871FD5EB8F00B8F251 /* IntegrationLab1Tests */,
				285AF2921FD5EB8F00B8F251 /* IntegrationLab1UITests */,
			);
		};
/* End PBXProject section */

/* Begin PBXResourcesBuildPhase section */
		285AF2721FD5EB8F00B8F251 /* Resources */ = {
			isa = PBXResourcesBuildPhase;
			buildActionMask = 2147483647;
			files = (
				285AF2821FD5EB8F00B8F251 /* LaunchScreen.storyboard in Resources */,
				285AF27F1FD5EB8F00B8F251 /* Assets.xcassets in Resources */,
				285AF27D1FD5EB8F00B8F251 /* Main.storyboard in Resources */,
			);
			runOnlyForDeploymentPostprocessing = 0;
		};
		285AF2861FD5EB8F00B8F251 /* Resources */ = {
			isa = PBXResourcesBuildPhase;
			buildActionMask = 2147483647;
			files = (
			);
			runOnlyForDeploymentPostprocessing = 0;
		};
		285AF2911FD5EB8F00B8F251 /* Resources */ = {
			isa = PBXResourcesBuildPhase;
			buildActionMask = 2147483647;
			files = (
			);
			runOnlyForDeploymentPostprocessing = 0;
		};
/* End PBXResourcesBuildPhase section */

/* Begin PBXSourcesBuildPhase section */
		285AF2701FD5EB8F00B8F251 /* Sources */ = {
			isa = PBXSourcesBuildPhase;
			buildActionMask = 2147483647;
			files = (
				285AF27A1FD5EB8F00B8F251 /* ViewController.swift in Sources */,
				285AF2781FD5EB8F00B8F251 /* AppDelegate.swift in Sources */,
			);
			runOnlyForDeploymentPostprocessing = 0;
		};
		285AF2841FD5EB8F00B8F251 /* Sources */ = {
			isa = PBXSourcesBuildPhase;
			buildActionMask = 2147483647;
			files = (
				285AF28D1FD5EB8F00B8F251 /* IntegrationLab1Tests.swift in Sources */,
			);
			runOnlyForDeploymentPostprocessing = 0;
		};
		285AF28F1FD5EB8F00B8F251 /* Sources */ = {
			isa = PBXSourcesBuildPhase;
			buildActionMask = 2147483647;
			files = (
				285AF2981FD5EB8F00B8F251 /* IntegrationLab1UITests.swift in Sources */,
			);
			runOnlyForDeploymentPostprocessing = 0;
		};
/* End PBXSourcesBuildPhase section */

/* Begin PBXTargetDependency section */
		285AF28A1FD5EB8F00B8F251 /* PBXTargetDependency */ = {
			isa = PBXTargetDependency;
			target = 285AF2731FD5EB8F00B8F251 /* IntegrationLab1 */;
			targetProxy = 285AF2891FD5EB8F00B8F251 /* PBXContainerItemProxy */;
		};
		285AF2951FD5EB8F00B8F251 /* PBXTargetDependency */ = {
			isa = PBXTargetDependency;
			target = 285AF2731FD5EB8F00B8F251 /* IntegrationLab1 */;
			targetProxy = 285AF2941FD5EB8F00B8F251 /* PBXContainerItemProxy */;
		};
/* End PBXTargetDependency section */

/* Begin PBXVariantGroup section */
		285AF27B1FD5EB8F00B8F251 /* Main.storyboard */ = {
			isa = PBXVariantGroup;
			children = (
				285AF27C1FD5EB8F00B8F251 /* Base */,
			);
			name = Main.storyboard;
			sourceTree = "<group>";
		};
		285AF2801FD5EB8F00B8F251 /* LaunchScreen.storyboard */ = {
			isa = PBXVariantGroup;
			children = (
				285AF2811FD5EB8F00B8F251 /* Base */,
			);
			name = LaunchScreen.storyboard;
			sourceTree = "<group>";
		};
/* End PBXVariantGroup section */

/* Begin XCBuildConfiguration section */
		285AF29A1FD5EB8F00B8F251 /* Debug */ = {
			isa = XCBuildConfiguration;
			buildSettings = {
				ALWAYS_SEARCH_USER_PATHS = NO;
				CLANG_ANALYZER_NONNULL = YES;
				CLANG_ANALYZER_NUMBER_OBJECT_CONVERSION = YES_AGGRESSIVE;
				CLANG_CXX_LANGUAGE_STANDARD = "gnu++14";
				CLANG_CXX_LIBRARY = "libc++";
				CLANG_ENABLE_MODULES = YES;
				CLANG_ENABLE_OBJC_ARC = YES;
				CLANG_WARN_BLOCK_CAPTURE_AUTORELEASING = YES;
				CLANG_WARN_BOOL_CONVERSION = YES;
				CLANG_WARN_COMMA = YES;
				CLANG_WARN_CONSTANT_CONVERSION = YES;
				CLANG_WARN_DIRECT_OBJC_ISA_USAGE = YES_ERROR;
				CLANG_WARN_DOCUMENTATION_COMMENTS = YES;
				CLANG_WARN_EMPTY_BODY = YES;
				CLANG_WARN_ENUM_CONVERSION = YES;
				CLANG_WARN_INFINITE_RECURSION = YES;
				CLANG_WARN_INT_CONVERSION = YES;
				CLANG_WARN_NON_LITERAL_NULL_CONVERSION = YES;
				CLANG_WARN_OBJC_LITERAL_CONVERSION = YES;
				CLANG_WARN_OBJC_ROOT_CLASS = YES_ERROR;
				CLANG_WARN_RANGE_LOOP_ANALYSIS = YES;
				CLANG_WARN_STRICT_PROTOTYPES = YES;
				CLANG_WARN_SUSPICIOUS_MOVE = YES;
				CLANG_WARN_UNGUARDED_AVAILABILITY = YES_AGGRESSIVE;
				CLANG_WARN_UNREACHABLE_CODE = YES;
				CLANG_WARN__DUPLICATE_METHOD_MATCH = YES;
				CODE_SIGN_IDENTITY = "iPhone Developer";
				COPY_PHASE_STRIP = NO;
				DEBUG_INFORMATION_FORMAT = dwarf;
				ENABLE_STRICT_OBJC_MSGSEND = YES;
				ENABLE_TESTABILITY = YES;
				GCC_C_LANGUAGE_STANDARD = gnu11;
				GCC_DYNAMIC_NO_PIC = NO;
				GCC_NO_COMMON_BLOCKS = YES;
				GCC_OPTIMIZATION_LEVEL = 0;
				GCC_PREPROCESSOR_DEFINITIONS = (
					"DEBUG=1",
					"$(inherited)",
				);
				GCC_WARN_64_TO_32_BIT_CONVERSION = YES;
				GCC_WARN_ABOUT_RETURN_TYPE = YES_ERROR;
				GCC_WARN_UNDECLARED_SELECTOR = YES;
				GCC_WARN_UNINITIALIZED_AUTOS = YES_AGGRESSIVE;
				GCC_WARN_UNUSED_FUNCTION = YES;
				GCC_WARN_UNUSED_VARIABLE = YES;
				IPHONEOS_DEPLOYMENT_TARGET = 11.1;
				MTL_ENABLE_DEBUG_INFO = YES;
				ONLY_ACTIVE_ARCH = YES;
				SDKROOT = iphoneos;
				SWIFT_ACTIVE_COMPILATION_CONDITIONS = DEBUG;
				SWIFT_OPTIMIZATION_LEVEL = "-Onone";
			};
			name = Debug;
		};
		285AF29B1FD5EB8F00B8F251 /* Release */ = {
			isa = XCBuildConfiguration;
			buildSettings = {
				ALWAYS_SEARCH_USER_PATHS = NO;
				CLANG_ANALYZER_NONNULL = YES;
				CLANG_ANALYZER_NUMBER_OBJECT_CONVERSION = YES_AGGRESSIVE;
				CLANG_CXX_LANGUAGE_STANDARD = "gnu++14";
				CLANG_CXX_LIBRARY = "libc++";
				CLANG_ENABLE_MODULES = YES;
				CLANG_ENABLE_OBJC_ARC = YES;
				CLANG_WARN_BLOCK_CAPTURE_AUTORELEASING = YES;
				CLANG_WARN_BOOL_CONVERSION = YES;
				CLANG_WARN_COMMA = YES;
				CLANG_WARN_CONSTANT_CONVERSION = YES;
				CLANG_WARN_DIRECT_OBJC_ISA_USAGE = YES_ERROR;
				CLANG_WARN_DOCUMENTATION_COMMENTS = YES;
				CLANG_WARN_EMPTY_BODY = YES;
				CLANG_WARN_ENUM_CONVERSION = YES;
				CLANG_WARN_INFINITE_RECURSION = YES;
				CLANG_WARN_INT_CONVERSION = YES;
				CLANG_WARN_NON_LITERAL_NULL_CONVERSION = YES;
				CLANG_WARN_OBJC_LITERAL_CONVERSION = YES;
				CLANG_WARN_OBJC_ROOT_CLASS = YES_ERROR;
				CLANG_WARN_RANGE_LOOP_ANALYSIS = YES;
				CLANG_WARN_STRICT_PROTOTYPES = YES;
				CLANG_WARN_SUSPICIOUS_MOVE = YES;
				CLANG_WARN_UNGUARDED_AVAILABILITY = YES_AGGRESSIVE;
				CLANG_WARN_UNREACHABLE_CODE = YES;
				CLANG_WARN__DUPLICATE_METHOD_MATCH = YES;
				CODE_SIGN_IDENTITY = "iPhone Developer";
				COPY_PHASE_STRIP = NO;
				DEBUG_INFORMATION_FORMAT = "dwarf-with-dsym";
				ENABLE_NS_ASSERTIONS = NO;
				ENABLE_STRICT_OBJC_MSGSEND = YES;
				GCC_C_LANGUAGE_STANDARD = gnu11;
				GCC_NO_COMMON_BLOCKS = YES;
				GCC_WARN_64_TO_32_BIT_CONVERSION = YES;
				GCC_WARN_ABOUT_RETURN_TYPE = YES_ERROR;
				GCC_WARN_UNDECLARED_SELECTOR = YES;
				GCC_WARN_UNINITIALIZED_AUTOS = YES_AGGRESSIVE;
				GCC_WARN_UNUSED_FUNCTION = YES;
				GCC_WARN_UNUSED_VARIABLE = YES;
				IPHONEOS_DEPLOYMENT_TARGET = 11.1;
				MTL_ENABLE_DEBUG_INFO = NO;
				SDKROOT = iphoneos;
				SWIFT_OPTIMIZATION_LEVEL = "-Owholemodule";
				VALIDATE_PRODUCT = YES;
			};
			name = Release;
		};
		285AF29D1FD5EB8F00B8F251 /* Debug */ = {
			isa = XCBuildConfiguration;
			buildSettings = {
				ASSETCATALOG_COMPILER_APPICON_NAME = AppIcon;
				CODE_SIGN_STYLE = Automatic;
				DEVELOPMENT_TEAM = VQ73RGVN86;
				INFOPLIST_FILE = IntegrationLab1/Info.plist;
				LD_RUNPATH_SEARCH_PATHS = "$(inherited) @executable_path/Frameworks";
				PRODUCT_BUNDLE_IDENTIFIER = com.hgbravo.IntegrationLab1;
				PRODUCT_NAME = "$(TARGET_NAME)";
				SWIFT_VERSION = 4.0;
				TARGETED_DEVICE_FAMILY = "1,2";
			};
			name = Debug;
		};
		285AF29E1FD5EB8F00B8F251 /* Release */ = {
			isa = XCBuildConfiguration;
			buildSettings = {
				ASSETCATALOG_COMPILER_APPICON_NAME = AppIcon;
				CODE_SIGN_STYLE = Automatic;
				DEVELOPMENT_TEAM = VQ73RGVN86;
				INFOPLIST_FILE = IntegrationLab1/Info.plist;
				LD_RUNPATH_SEARCH_PATHS = "$(inherited) @executable_path/Frameworks";
				PRODUCT_BUNDLE_IDENTIFIER = com.hgbravo.IntegrationLab1;
				PRODUCT_NAME = "$(TARGET_NAME)";
				SWIFT_VERSION = 4.0;
				TARGETED_DEVICE_FAMILY = "1,2";
			};
			name = Release;
		};
		285AF2A01FD5EB8F00B8F251 /* Debug */ = {
			isa = XCBuildConfiguration;
			buildSettings = {
				ALWAYS_EMBED_SWIFT_STANDARD_LIBRARIES = YES;
				BUNDLE_LOADER = "$(TEST_HOST)";
				CODE_SIGN_STYLE = Automatic;
				DEVELOPMENT_TEAM = VQ73RGVN86;
				INFOPLIST_FILE = IntegrationLab1Tests/Info.plist;
				LD_RUNPATH_SEARCH_PATHS = "$(inherited) @executable_path/Frameworks @loader_path/Frameworks";
				PRODUCT_BUNDLE_IDENTIFIER = com.hgbravo.IntegrationLab1Tests;
				PRODUCT_NAME = "$(TARGET_NAME)";
				SWIFT_VERSION = 4.0;
				TARGETED_DEVICE_FAMILY = "1,2";
				TEST_HOST = "$(BUILT_PRODUCTS_DIR)/IntegrationLab1.app/IntegrationLab1";
			};
			name = Debug;
		};
		285AF2A11FD5EB8F00B8F251 /* Release */ = {
			isa = XCBuildConfiguration;
			buildSettings = {
				ALWAYS_EMBED_SWIFT_STANDARD_LIBRARIES = YES;
				BUNDLE_LOADER = "$(TEST_HOST)";
				CODE_SIGN_STYLE = Automatic;
				DEVELOPMENT_TEAM = VQ73RGVN86;
				INFOPLIST_FILE = IntegrationLab1Tests/Info.plist;
				LD_RUNPATH_SEARCH_PATHS = "$(inherited) @executable_path/Frameworks @loader_path/Frameworks";
				PRODUCT_BUNDLE_IDENTIFIER = com.hgbravo.IntegrationLab1Tests;
				PRODUCT_NAME = "$(TARGET_NAME)";
				SWIFT_VERSION = 4.0;
				TARGETED_DEVICE_FAMILY = "1,2";
				TEST_HOST = "$(BUILT_PRODUCTS_DIR)/IntegrationLab1.app/IntegrationLab1";
			};
			name = Release;
		};
		285AF2A31FD5EB8F00B8F251 /* Debug */ = {
			isa = XCBuildConfiguration;
			buildSettings = {
				ALWAYS_EMBED_SWIFT_STANDARD_LIBRARIES = YES;
				CODE_SIGN_STYLE = Automatic;
				DEVELOPMENT_TEAM = VQ73RGVN86;
				INFOPLIST_FILE = IntegrationLab1UITests/Info.plist;
				LD_RUNPATH_SEARCH_PATHS = "$(inherited) @executable_path/Frameworks @loader_path/Frameworks";
				PRODUCT_BUNDLE_IDENTIFIER = com.hgbravo.IntegrationLab1UITests;
				PRODUCT_NAME = "$(TARGET_NAME)";
				SWIFT_VERSION = 4.0;
				TARGETED_DEVICE_FAMILY = "1,2";
				TEST_TARGET_NAME = IntegrationLab1;
			};
			name = Debug;
		};
		285AF2A41FD5EB8F00B8F251 /* Release */ = {
			isa = XCBuildConfiguration;
			buildSettings = {
				ALWAYS_EMBED_SWIFT_STANDARD_LIBRARIES = YES;
				CODE_SIGN_STYLE = Automatic;
				DEVELOPMENT_TEAM = VQ73RGVN86;
				INFOPLIST_FILE = IntegrationLab1UITests/Info.plist;
				LD_RUNPATH_SEARCH_PATHS = "$(inherited) @executable_path/Frameworks @loader_path/Frameworks";
				PRODUCT_BUNDLE_IDENTIFIER = com.hgbravo.IntegrationLab1UITests;
				PRODUCT_NAME = "$(TARGET_NAME)";
				SWIFT_VERSION = 4.0;
				TARGETED_DEVICE_FAMILY = "1,2";
				TEST_TARGET_NAME = IntegrationLab1;
			};
			name = Release;
		};
/* End XCBuildConfiguration section */

/* Begin XCConfigurationList section */
		285AF26F1FD5EB8F00B8F251 /* Build configuration list for PBXProject "IntegrationLab1" */ = {
			isa = XCConfigurationList;
			buildConfigurations = (
				285AF29A1FD5EB8F00B8F251 /* Debug */,
				285AF29B1FD5EB8F00B8F251 /* Release */,
			);
			defaultConfigurationIsVisible = 0;
			defaultConfigurationName = Release;
		};
		285AF29C1FD5EB8F00B8F251 /* Build configuration list for PBXNativeTarget "IntegrationLab1" */ = {
			isa = XCConfigurationList;
			buildConfigurations = (
				285AF29D1FD5EB8F00B8F251 /* Debug */,
				285AF29E1FD5EB8F00B8F251 /* Release */,
			);
			defaultConfigurationIsVisible = 0;
			defaultConfigurationName = Release;
		};
		285AF29F1FD5EB8F00B8F251 /* Build configuration list for PBXNativeTarget "IntegrationLab1Tests" */ = {
			isa = XCConfigurationList;
			buildConfigurations = (
				285AF2A01FD5EB8F00B8F251 /* Debug */,
				285AF2A11FD5EB8F00B8F251 /* Release */,
			);
			defaultConfigurationIsVisible = 0;
			defaultConfigurationName = Release;
		};
		285AF2A21FD5EB8F00B8F251 /* Build configuration list for PBXNativeTarget "IntegrationLab1UITests" */ = {
			isa = XCConfigurationList;
			buildConfigurations = (
				285AF2A31FD5EB8F00B8F251 /* Debug */,
				285AF2A41FD5EB8F00B8F251 /* Release */,
			);
			defaultConfigurationIsVisible = 0;
			defaultConfigurationName = Release;
		};
/* End XCConfigurationList section */
	};
	rootObject = 285AF26C1FD5EB8F00B8F251 /* Project object */;
}
